
Microsoft Visual Studio Solution File, Format Version 12.00
# Visual Studio 15
VisualStudioVersion = 15.0.28010.2016
MinimumVisualStudioVersion = 10.0.40219.1
Project("{FAE04EC0-301F-11D3-BF4B-00C04F79EFBC}") = "Libol", "Libol\Libol.csproj", "{6B024B72-CF73-4B83-AEDF-ABBE0765C797}"
EndProject
Project("{FAE04EC0-301F-11D3-BF4B-00C04F79EFBC}") = "FlibUnitTest", "FlibUnitTest\FlibUnitTest.csproj", "{9F778558-5CE8-47DF-8894-24900FA6589F}"
EndProject
Global
	GlobalSection(SolutionConfigurationPlatforms) = preSolution
		Debug|Any CPU = Debug|Any CPU
		Release|Any CPU = Release|Any CPU
	EndGlobalSection
	GlobalSection(ProjectConfigurationPlatforms) = postSolution
		{6B024B72-CF73-4B83-AEDF-ABBE0765C797}.Debug|Any CPU.ActiveCfg = Debug|Any CPU
		{6B024B72-CF73-4B83-AEDF-ABBE0765C797}.Debug|Any CPU.Build.0 = Debug|Any CPU
		{6B024B72-CF73-4B83-AEDF-ABBE0765C797}.Release|Any CPU.ActiveCfg = Release|Any CPU
		{6B024B72-CF73-4B83-AEDF-ABBE0765C797}.Release|Any CPU.Build.0 = Release|Any CPU
		{9F778558-5CE8-47DF-8894-24900FA6589F}.Debug|Any CPU.ActiveCfg = Debug|Any CPU
		{9F778558-5CE8-47DF-8894-24900FA6589F}.Debug|Any CPU.Build.0 = Debug|Any CPU
		{9F778558-5CE8-47DF-8894-24900FA6589F}.Release|Any CPU.ActiveCfg = Release|Any CPU
		{9F778558-5CE8-47DF-8894-24900FA6589F}.Release|Any CPU.Build.0 = Release|Any CPU
	EndGlobalSection
	GlobalSection(SolutionProperties) = preSolution
		HideSolutionNode = FALSE
	EndGlobalSection
	GlobalSection(ExtensibilityGlobals) = postSolution
		SolutionGuid = {F9C3DF18-4955-4FD9-948D-CFC274295989}
	EndGlobalSection
EndGlobal
